// !$*UTF8*$!
{
	archiveVersion = 1;
	classes = {
	};
	objectVersion = 50;
	objects = {

/* Begin PBXBuildFile section */
		9314666C2493142F00C82CD3 /* MemoryGame.swift in Sources */ = {isa = PBXBuildFile; fileRef = 9314666B2493142F00C82CD3 /* MemoryGame.swift */; };
		931EF09B24925F3600BDD568 /* AppDelegate.swift in Sources */ = {isa = PBXBuildFile; fileRef = 931EF09A24925F3600BDD568 /* AppDelegate.swift */; };
		931EF09D24925F3600BDD568 /* SceneDelegate.swift in Sources */ = {isa = PBXBuildFile; fileRef = 931EF09C24925F3600BDD568 /* SceneDelegate.swift */; };
		931EF09F24925F3600BDD568 /* ContentView.swift in Sources */ = {isa = PBXBuildFile; fileRef = 931EF09E24925F3600BDD568 /* ContentView.swift */; };
		931EF0A124925F3B00BDD568 /* Assets.xcassets in Resources */ = {isa = PBXBuildFile; fileRef = 931EF0A024925F3B00BDD568 /* Assets.xcassets */; };
		931EF0A424925F3B00BDD568 /* Preview Assets.xcassets in Resources */ = {isa = PBXBuildFile; fileRef = 931EF0A324925F3B00BDD568 /* Preview Assets.xcassets */; };
		931EF0A724925F3B00BDD568 /* LaunchScreen.storyboard in Resources */ = {isa = PBXBuildFile; fileRef = 931EF0A524925F3B00BDD568 /* LaunchScreen.storyboard */; };
		931EF0B124926B3A00BDD568 /* EmojiMemoryGame.swift in Sources */ = {isa = PBXBuildFile; fileRef = 931EF0B024926B3A00BDD568 /* EmojiMemoryGame.swift */; };
		93D0598A24932165006BF7C2 /* CardView.swift in Sources */ = {isa = PBXBuildFile; fileRef = 93D0598924932165006BF7C2 /* CardView.swift */; };
/* End PBXBuildFile section */

/* Begin PBXFileReference section */
		9314666B2493142F00C82CD3 /* MemoryGame.swift */ = {isa = PBXFileReference; lastKnownFileType = sourcecode.swift; path = MemoryGame.swift; sourceTree = "<group>"; };
		931EF09724925F3600BDD568 /* MemorizeGame.app */ = {isa = PBXFileReference; explicitFileType = wrapper.application; includeInIndex = 0; path = MemorizeGame.app; sourceTree = BUILT_PRODUCTS_DIR; };
		931EF09A24925F3600BDD568 /* AppDelegate.swift */ = {isa = PBXFileReference; lastKnownFileType = sourcecode.swift; path = AppDelegate.swift; sourceTree = "<group>"; };
		931EF09C24925F3600BDD568 /* SceneDelegate.swift */ = {isa = PBXFileReference; lastKnownFileType = sourcecode.swift; path = SceneDelegate.swift; sourceTree = "<group>"; };
		931EF09E24925F3600BDD568 /* ContentView.swift */ = {isa = PBXFileReference; lastKnownFileType = sourcecode.swift; path = ContentView.swift; sourceTree = "<group>"; };
		931EF0A024925F3B00BDD568 /* Assets.xcassets */ = {isa = PBXFileReference; lastKnownFileType = folder.assetcatalog; path = Assets.xcassets; sourceTree = "<group>"; };
		931EF0A324925F3B00BDD568 /* Preview Assets.xcassets */ = {isa = PBXFileReference; lastKnownFileType = folder.assetcatalog; path = "Preview Assets.xcassets"; sourceTree = "<group>"; };
		931EF0A624925F3B00BDD568 /* Base */ = {isa = PBXFileReference; lastKnownFileType = file.storyboard; name = Base; path = Base.lproj/LaunchScreen.storyboard; sourceTree = "<group>"; };
		931EF0A824925F3B00BDD568 /* Info.plist */ = {isa = PBXFileReference; lastKnownFileType = text.plist.xml; path = Info.plist; sourceTree = "<group>"; };
		931EF0B024926B3A00BDD568 /* EmojiMemoryGame.swift */ = {isa = PBXFileReference; lastKnownFileType = sourcecode.swift; path = EmojiMemoryGame.swift; sourceTree = "<group>"; };
		93D0598924932165006BF7C2 /* CardView.swift */ = {isa = PBXFileReference; lastKnownFileType = sourcecode.swift; path = CardView.swift; sourceTree = "<group>"; };
/* End PBXFileReference section */

/* Begin PBXFrameworksBuildPhase section */
		931EF09424925F3600BDD568 /* Frameworks */ = {
			isa = PBXFrameworksBuildPhase;
			buildActionMask = 2147483647;
			files = (
			);
			runOnlyForDeploymentPostprocessing = 0;
		};
/* End PBXFrameworksBuildPhase section */

/* Begin PBXGroup section */
		9314666D249314A800C82CD3 /* Models */ = {
			isa = PBXGroup;
			children = (
				9314666B2493142F00C82CD3 /* MemoryGame.swift */,
			);
			path = Models;
			sourceTree = "<group>";
		};
		9314666E249314D000C82CD3 /* ViewModels */ = {
			isa = PBXGroup;
			children = (
				931EF0B024926B3A00BDD568 /* EmojiMemoryGame.swift */,
			);
			path = ViewModels;
			sourceTree = "<group>";
		};
		9314666F249314EE00C82CD3 /* Views */ = {
			isa = PBXGroup;
			children = (
				931EF09E24925F3600BDD568 /* ContentView.swift */,
				93D0598924932165006BF7C2 /* CardView.swift */,
			);
			path = Views;
			sourceTree = "<group>";
		};
		931EF08E24925F3600BDD568 = {
			isa = PBXGroup;
			children = (
				931EF09924925F3600BDD568 /* MemorizeGame */,
				931EF09824925F3600BDD568 /* Products */,
			);
			sourceTree = "<group>";
		};
		931EF09824925F3600BDD568 /* Products */ = {
			isa = PBXGroup;
			children = (
				931EF09724925F3600BDD568 /* MemorizeGame.app */,
			);
			name = Products;
			sourceTree = "<group>";
		};
		931EF09924925F3600BDD568 /* MemorizeGame */ = {
			isa = PBXGroup;
			children = (
				931EF09A24925F3600BDD568 /* AppDelegate.swift */,
				931EF09C24925F3600BDD568 /* SceneDelegate.swift */,
				9314666D249314A800C82CD3 /* Models */,
				9314666E249314D000C82CD3 /* ViewModels */,
				9314666F249314EE00C82CD3 /* Views */,
				931EF0A024925F3B00BDD568 /* Assets.xcassets */,
				931EF0A524925F3B00BDD568 /* LaunchScreen.storyboard */,
				931EF0A824925F3B00BDD568 /* Info.plist */,
				931EF0A224925F3B00BDD568 /* Preview Content */,
			);
			path = MemorizeGame;
			sourceTree = "<group>";
		};
		931EF0A224925F3B00BDD568 /* Preview Content */ = {
			isa = PBXGroup;
			children = (
				931EF0A324925F3B00BDD568 /* Preview Assets.xcassets */,
			);
			path = "Preview Content";
			sourceTree = "<group>";
		};
/* End PBXGroup section */

/* Begin PBXNativeTarget section */
		931EF09624925F3600BDD568 /* MemorizeGame */ = {
			isa = PBXNativeTarget;
			buildConfigurationList = 931EF0AB24925F3B00BDD568 /* Build configuration list for PBXNativeTarget "MemorizeGame" */;
			buildPhases = (
				931EF09324925F3600BDD568 /* Sources */,
				931EF09424925F3600BDD568 /* Frameworks */,
				931EF09524925F3600BDD568 /* Resources */,
			);
			buildRules = (
			);
			dependencies = (
			);
			name = MemorizeGame;
			productName = MemorizeGame;
			productReference = 931EF09724925F3600BDD568 /* MemorizeGame.app */;
			productType = "com.apple.product-type.application";
		};
/* End PBXNativeTarget section */

/* Begin PBXProject section */
		931EF08F24925F3600BDD568 /* Project object */ = {
			isa = PBXProject;
			attributes = {
				LastSwiftUpdateCheck = 1140;
				LastUpgradeCheck = 1140;
				ORGANIZATIONNAME = "丁海能";
				TargetAttributes = {
					931EF09624925F3600BDD568 = {
						CreatedOnToolsVersion = 11.4.1;
					};
				};
			};
			buildConfigurationList = 931EF09224925F3600BDD568 /* Build configuration list for PBXProject "MemorizeGame" */;
			compatibilityVersion = "Xcode 9.3";
			developmentRegion = en;
			hasScannedForEncodings = 0;
			knownRegions = (
				en,
				Base,
			);
			mainGroup = 931EF08E24925F3600BDD568;
			productRefGroup = 931EF09824925F3600BDD568 /* Products */;
			projectDirPath = "";
			projectRoot = "";
			targets = (
				931EF09624925F3600BDD568 /* MemorizeGame */,
			);
		};
/* End PBXProject section */

/* Begin PBXResourcesBuildPhase section */
		931EF09524925F3600BDD568 /* Resources */ = {
			isa = PBXResourcesBuildPhase;
			buildActionMask = 2147483647;
			files = (
				931EF0A724925F3B00BDD568 /* LaunchScreen.storyboard in Resources */,
				931EF0A424925F3B00BDD568 /* Preview Assets.xcassets in Resources */,
				931EF0A124925F3B00BDD568 /* Assets.xcassets in Resources */,
			);
			runOnlyForDeploymentPostprocessing = 0;
		};
/* End PBXResourcesBuildPhase section */

/* Begin PBXSourcesBuildPhase section */
		931EF09324925F3600BDD568 /* Sources */ = {
			isa = PBXSourcesBuildPhase;
			buildActionMask = 2147483647;
			files = (
				93D0598A24932165006BF7C2 /* CardView.swift in Sources */,
				931EF09B24925F3600BDD568 /* AppDelegate.swift in Sources */,
				931EF09D24925F3600BDD568 /* SceneDelegate.swift in Sources */,
				9314666C2493142F00C82CD3 /* MemoryGame.swift in Sources */,
				931EF09F24925F3600BDD568 /* ContentView.swift in Sources */,
				931EF0B124926B3A00BDD568 /* EmojiMemoryGame.swift in Sources */,
			);
			runOnlyForDeploymentPostprocessing = 0;
		};
/* End PBXSourcesBuildPhase section */

/* Begin PBXVariantGroup section */
		931EF0A524925F3B00BDD568 /* LaunchScreen.storyboard */ = {
			isa = PBXVariantGroup;
			children = (
				931EF0A624925F3B00BDD568 /* Base */,
			);
			name = LaunchScreen.storyboard;
			sourceTree = "<group>";
		};
/* End PBXVariantGroup section */

/* Begin XCBuildConfiguration section */
		931EF0A924925F3B00BDD568 /* Debug */ = {
			isa = XCBuildConfiguration;
			buildSettings = {
				ALWAYS_SEARCH_USER_PATHS = NO;
				CLANG_ANALYZER_NONNULL = YES;
				CLANG_ANALYZER_NUMBER_OBJECT_CONVERSION = YES_AGGRESSIVE;
				CLANG_CXX_LANGUAGE_STANDARD = "gnu++14";
				CLANG_CXX_LIBRARY = "libc++";
				CLANG_ENABLE_MODULES = YES;
				CLANG_ENABLE_OBJC_ARC = YES;
				CLANG_ENABLE_OBJC_WEAK = YES;
				CLANG_WARN_BLOCK_CAPTURE_AUTORELEASING = YES;
				CLANG_WARN_BOOL_CONVERSION = YES;
				CLANG_WARN_COMMA = YES;
				CLANG_WARN_CONSTANT_CONVERSION = YES;
				CLANG_WARN_DEPRECATED_OBJC_IMPLEMENTATIONS = YES;
				CLANG_WARN_DIRECT_OBJC_ISA_USAGE = YES_ERROR;
				CLANG_WARN_DOCUMENTATION_COMMENTS = YES;
				CLANG_WARN_EMPTY_BODY = YES;
				CLANG_WARN_ENUM_CONVERSION = YES;
				CLANG_WARN_INFINITE_RECURSION = YES;
				CLANG_WARN_INT_CONVERSION = YES;
				CLANG_WARN_NON_LITERAL_NULL_CONVERSION = YES;
				CLANG_WARN_OBJC_IMPLICIT_RETAIN_SELF = YES;
				CLANG_WARN_OBJC_LITERAL_CONVERSION = YES;
				CLANG_WARN_OBJC_ROOT_CLASS = YES_ERROR;
				CLANG_WARN_RANGE_LOOP_ANALYSIS = YES;
				CLANG_WARN_STRICT_PROTOTYPES = YES;
				CLANG_WARN_SUSPICIOUS_MOVE = YES;
				CLANG_WARN_UNGUARDED_AVAILABILITY = YES_AGGRESSIVE;
				CLANG_WARN_UNREACHABLE_CODE = YES;
				CLANG_WARN__DUPLICATE_METHOD_MATCH = YES;
				COPY_PHASE_STRIP = NO;
				DEBUG_INFORMATION_FORMAT = dwarf;
				ENABLE_STRICT_OBJC_MSGSEND = YES;
				ENABLE_TESTABILITY = YES;
				GCC_C_LANGUAGE_STANDARD = gnu11;
				GCC_DYNAMIC_NO_PIC = NO;
				GCC_NO_COMMON_BLOCKS = YES;
				GCC_OPTIMIZATION_LEVEL = 0;
				GCC_PREPROCESSOR_DEFINITIONS = (
					"DEBUG=1",
					"$(inherited)",
				);
				GCC_WARN_64_TO_32_BIT_CONVERSION = YES;
				GCC_WARN_ABOUT_RETURN_TYPE = YES_ERROR;
				GCC_WARN_UNDECLARED_SELECTOR = YES;
				GCC_WARN_UNINITIALIZED_AUTOS = YES_AGGRESSIVE;
				GCC_WARN_UNUSED_FUNCTION = YES;
				GCC_WARN_UNUSED_VARIABLE = YES;
				IPHONEOS_DEPLOYMENT_TARGET = 13.4;
				MTL_ENABLE_DEBUG_INFO = INCLUDE_SOURCE;
				MTL_FAST_MATH = YES;
				ONLY_ACTIVE_ARCH = YES;
				SDKROOT = iphoneos;
				SWIFT_ACTIVE_COMPILATION_CONDITIONS = DEBUG;
				SWIFT_OPTIMIZATION_LEVEL = "-Onone";
			};
			name = Debug;
		};
		931EF0AA24925F3B00BDD568 /* Release */ = {
			isa = XCBuildConfiguration;
			buildSettings = {
				ALWAYS_SEARCH_USER_PATHS = NO;
				CLANG_ANALYZER_NONNULL = YES;
				CLANG_ANALYZER_NUMBER_OBJECT_CONVERSION = YES_AGGRESSIVE;
				CLANG_CXX_LANGUAGE_STANDARD = "gnu++14";
				CLANG_CXX_LIBRARY = "libc++";
				CLANG_ENABLE_MODULES = YES;
				CLANG_ENABLE_OBJC_ARC = YES;
				CLANG_ENABLE_OBJC_WEAK = YES;
				CLANG_WARN_BLOCK_CAPTURE_AUTORELEASING = YES;
				CLANG_WARN_BOOL_CONVERSION = YES;
				CLANG_WARN_COMMA = YES;
				CLANG_WARN_CONSTANT_CONVERSION = YES;
				CLANG_WARN_DEPRECATED_OBJC_IMPLEMENTATIONS = YES;
				CLANG_WARN_DIRECT_OBJC_ISA_USAGE = YES_ERROR;
				CLANG_WARN_DOCUMENTATION_COMMENTS = YES;
				CLANG_WARN_EMPTY_BODY = YES;
				CLANG_WARN_ENUM_CONVERSION = YES;
				CLANG_WARN_INFINITE_RECURSION = YES;
				CLANG_WARN_INT_CONVERSION = YES;
				CLANG_WARN_NON_LITERAL_NULL_CONVERSION = YES;
				CLANG_WARN_OBJC_IMPLICIT_RETAIN_SELF = YES;
				CLANG_WARN_OBJC_LITERAL_CONVERSION = YES;
				CLANG_WARN_OBJC_ROOT_CLASS = YES_ERROR;
				CLANG_WARN_RANGE_LOOP_ANALYSIS = YES;
				CLANG_WARN_STRICT_PROTOTYPES = YES;
				CLANG_WARN_SUSPICIOUS_MOVE = YES;
				CLANG_WARN_UNGUARDED_AVAILABILITY = YES_AGGRESSIVE;
				CLANG_WARN_UNREACHABLE_CODE = YES;
				CLANG_WARN__DUPLICATE_METHOD_MATCH = YES;
				COPY_PHASE_STRIP = NO;
				DEBUG_INFORMATION_FORMAT = "dwarf-with-dsym";
				ENABLE_NS_ASSERTIONS = NO;
				ENABLE_STRICT_OBJC_MSGSEND = YES;
				GCC_C_LANGUAGE_STANDARD = gnu11;
				GCC_NO_COMMON_BLOCKS = YES;
				GCC_WARN_64_TO_32_BIT_CONVERSION = YES;
				GCC_WARN_ABOUT_RETURN_TYPE = YES_ERROR;
				GCC_WARN_UNDECLARED_SELECTOR = YES;
				GCC_WARN_UNINITIALIZED_AUTOS = YES_AGGRESSIVE;
				GCC_WARN_UNUSED_FUNCTION = YES;
				GCC_WARN_UNUSED_VARIABLE = YES;
				IPHONEOS_DEPLOYMENT_TARGET = 13.4;
				MTL_ENABLE_DEBUG_INFO = NO;
				MTL_FAST_MATH = YES;
				SDKROOT = iphoneos;
				SWIFT_COMPILATION_MODE = wholemodule;
				SWIFT_OPTIMIZATION_LEVEL = "-O";
				VALIDATE_PRODUCT = YES;
			};
			name = Release;
		};
		931EF0AC24925F3B00BDD568 /* Debug */ = {
			isa = XCBuildConfiguration;
			buildSettings = {
				ASSETCATALOG_COMPILER_APPICON_NAME = AppIcon;
				CODE_SIGN_STYLE = Automatic;
				DEVELOPMENT_ASSET_PATHS = "\"MemorizeGame/Preview Content\"";
				ENABLE_PREVIEWS = YES;
				INFOPLIST_FILE = MemorizeGame/Info.plist;
				LD_RUNPATH_SEARCH_PATHS = (
					"$(inherited)",
					"@executable_path/Frameworks",
				);
				PRODUCT_BUNDLE_IDENTIFIER = "Aaron-Dean.MemorizeGame";
				PRODUCT_NAME = "$(TARGET_NAME)";
				SWIFT_VERSION = 5.0;
				TARGETED_DEVICE_FAMILY = "1,2";
			};
			name = Debug;
		};
		931EF0AD24925F3B00BDD568 /* Release */ = {
			isa = XCBuildConfiguration;
			buildSettings = {
				ASSETCATALOG_COMPILER_APPICON_NAME = AppIcon;
				CODE_SIGN_STYLE = Automatic;
				DEVELOPMENT_ASSET_PATHS = "\"MemorizeGame/Preview Content\"";
				ENABLE_PREVIEWS = YES;
				INFOPLIST_FILE = MemorizeGame/Info.plist;
				LD_RUNPATH_SEARCH_PATHS = (
					"$(inherited)",
					"@executable_path/Frameworks",
				);
				PRODUCT_BUNDLE_IDENTIFIER = "Aaron-Dean.MemorizeGame";
				PRODUCT_NAME = "$(TARGET_NAME)";
				SWIFT_VERSION = 5.0;
				TARGETED_DEVICE_FAMILY = "1,2";
			};
			name = Release;
		};
/* End XCBuildConfiguration section */

/* Begin XCConfigurationList section */
		931EF09224925F3600BDD568 /* Build configuration list for PBXProject "MemorizeGame" */ = {
			isa = XCConfigurationList;
			buildConfigurations = (
				931EF0A924925F3B00BDD568 /* Debug */,
				931EF0AA24925F3B00BDD568 /* Release */,
			);
			defaultConfigurationIsVisible = 0;
			defaultConfigurationName = Release;
		};
		931EF0AB24925F3B00BDD568 /* Build configuration list for PBXNativeTarget "MemorizeGame" */ = {
			isa = XCConfigurationList;
			buildConfigurations = (
				931EF0AC24925F3B00BDD568 /* Debug */,
				931EF0AD24925F3B00BDD568 /* Release */,
			);
			defaultConfigurationIsVisible = 0;
			defaultConfigurationName = Release;
		};
/* End XCConfigurationList section */
	};
	rootObject = 931EF08F24925F3600BDD568 /* Project object */;
}
